PODS:
  - ACPCore (2.5.0):
    - ACPCore/iOS (= 2.5.0)
  - ACPCore/iOS (2.5.0)
  - Flutter (1.0.0)
  - flutter_acpcore (0.0.1):
    - ACPCore (~> 2.5)
    - Flutter

DEPENDENCIES:
  - Flutter (from `Flutter`)
  - flutter_acpcore (from `.symlinks/plugins/flutter_acpcore/ios`)

SPEC REPOS:
  https://github.com/cocoapods/specs.git:
    - ACPCore

EXTERNAL SOURCES:
  Flutter:
    :path: Flutter
  flutter_acpcore:
    :path: ".symlinks/plugins/flutter_acpcore/ios"

SPEC CHECKSUMS:
  ACPCore: c2dc84ac0f6d63421fc4d973e75da3a7cb119ff6
  Flutter: 0e3d915762c693b495b44d77113d4970485de6ec
  flutter_acpcore: 781971fcbde815f237f85a4fb33539ffee53ab5d

PODFILE CHECKSUM: 643134d9eafc1f5bfc970c3a08e7651b62cd1ac6

COCOAPODS: 1.7.5
